{
  "projects": [
    {
      "projectId": "9khUWmozN1iqiiTyAwvqXU",
      "version": "latest",
      "dependencies": {},
      "lang": "ts",
      "fileLocks": [
        {
          "type": "globalVariant",
          "assetId": "dg4W0IXokTUCa",
          "checksum": "d84be56f8db1de417cb107a384626e68"
        },
        {
          "type": "renderModule",
          "assetId": "MNQD9jeCcnhg",
          "checksum": "1c1dfe0278eafbd4eaa47d3768ad9b67"
        },
        {
          "type": "cssRules",
          "assetId": "MNQD9jeCcnhg",
          "checksum": "1c1dfe0278eafbd4eaa47d3768ad9b67"
        },
        {
          "assetId": "9khUWmozN1iqiiTyAwvqXU",
          "type": "projectCss",
          "checksum": "13c57b8f002c712eadb787661ad9a0e0"
        },
        {
          "assetId": "9khUWmozN1iqiiTyAwvqXU",
          "checksum": "5089152d4f1ae5df6f5ede981fc0fccb",
          "type": "globalContexts"
        },
        {
          "type": "renderModule",
          "assetId": "klbS39rUUe",
          "checksum": "3734639fc9ce02aa5a4e621413fcf53b"
        },
        {
          "type": "cssRules",
          "assetId": "klbS39rUUe",
          "checksum": "3734639fc9ce02aa5a4e621413fcf53b"
        },
        {
          "type": "renderModule",
          "assetId": "kK_QD86zEH",
          "checksum": "73c85acd1849d9f44a5e36b0143bd287"
        },
        {
          "type": "cssRules",
          "assetId": "kK_QD86zEH",
          "checksum": "73c85acd1849d9f44a5e36b0143bd287"
        },
        {
          "type": "renderModule",
          "assetId": "1Qw0dLE7-z",
          "checksum": "9052bd5bdc72b5531f13a4e6c2b1cd6c"
        },
        {
          "type": "cssRules",
          "assetId": "1Qw0dLE7-z",
          "checksum": "9052bd5bdc72b5531f13a4e6c2b1cd6c"
        },
        {
          "type": "renderModule",
          "assetId": "YCk9agzBzY",
          "checksum": "2cb4345ef62c1b4483a03db9a6a57fe7"
        },
        {
          "type": "cssRules",
          "assetId": "YCk9agzBzY",
          "checksum": "2cb4345ef62c1b4483a03db9a6a57fe7"
        },
        {
          "type": "renderModule",
          "assetId": "yaxSoGmBRy",
          "checksum": "e74afbd0aa91e0562e2bbda29bfbbfa6"
        },
        {
          "type": "cssRules",
          "assetId": "yaxSoGmBRy",
          "checksum": "e74afbd0aa91e0562e2bbda29bfbbfa6"
        },
        {
          "type": "icon",
          "assetId": "mcZdNanEHp",
          "checksum": "67ed131231660c77b80731643d355578"
        },
        {
          "type": "icon",
          "assetId": "4G1cCMeGFh",
          "checksum": "e6263c06d22c3bcc718e265b8a24b0fd"
        },
        {
          "type": "icon",
          "assetId": "2Kjcn7aZx0",
          "checksum": "03ca67208db30545e8b4a468249c0ea5"
        },
        {
          "type": "image",
          "assetId": "ot-sDlsdW",
          "checksum": "71c247560d4f534667aaf51e4584cb3b"
        },
        {
          "type": "image",
          "assetId": "oG8ulkXua",
          "checksum": "02d462e6e14ae6d3d9162ef7a230b402"
        }
      ],
      "codegenVersion": "0.0.1"
    }
  ],
  "cliVersion": "0.1.186"
}
